
Microsoft Visual Studio Solution File, Format Version 12.00
# Visual Studio 2013
VisualStudioVersion = 12.0.31101.0
MinimumVisualStudioVersion = 10.0.40219.1
Project("{FAE04EC0-301F-11D3-BF4B-00C04F79EFBC}") = "A. SeriesOfLetters", "A. SeriesOfLetters\A. SeriesOfLetters.csproj", "{46D04D40-0390-4FA6-BD23-55D43B3F2B99}"
EndProject
Project("{FAE04EC0-301F-11D3-BF4B-00C04F79EFBC}") = "B. ReplaceAnchorTag", "B. ReplaceAnchorTag\B. ReplaceAnchorTag.csproj", "{5C424C1D-AF30-4CB1-A205-883B7780490F}"
EndProject
Project("{FAE04EC0-301F-11D3-BF4B-00C04F79EFBC}") = "C. ExtractEmails", "C. ExtractEmails\C. ExtractEmails.csproj", "{3DFB1792-C66A-49AF-B1C5-7C1F03702045}"
EndProject
Project("{FAE04EC0-301F-11D3-BF4B-00C04F79EFBC}") = "D. SentenceExtractor", "D. SentenceExtractor\D. SentenceExtractor.csproj", "{988C96AF-BE26-4245-A15A-5ED2CC7EC764}"
EndProject
Project("{FAE04EC0-301F-11D3-BF4B-00C04F79EFBC}") = "J. UppercaseWords", "J. UppercaseWords\J. UppercaseWords.csproj", "{4320D992-B1C4-4529-8F2D-3237EF8B34F2}"
EndProject
Project("{FAE04EC0-301F-11D3-BF4B-00C04F79EFBC}") = "G. QueryMess", "G. QueryMess\G. QueryMess.csproj", "{43AAAB3E-AE27-4D97-A873-4827E4E9F026}"
EndProject
Project("{FAE04EC0-301F-11D3-BF4B-00C04F79EFBC}") = "K. PhoneNumbers", "K. PhoneNumbers\K. PhoneNumbers.csproj", "{8ED7C399-CE7E-4FD4-9141-3B329B184CF3}"
EndProject
Project("{FAE04EC0-301F-11D3-BF4B-00C04F79EFBC}") = "L. TheNumbers", "L. TheNumbers\L. TheNumbers.csproj", "{5165968D-AA39-443A-B71C-B71B92EC7246}"
EndProject
Project("{FAE04EC0-301F-11D3-BF4B-00C04F79EFBC}") = "M. BiggestTableRow", "M. BiggestTableRow\M. BiggestTableRow.csproj", "{0A2B2519-9A14-409C-9BF8-155D292295A6}"
EndProject
Project("{FAE04EC0-301F-11D3-BF4B-00C04F79EFBC}") = "N. PINValidation", "N. PINValidation\N. PINValidation.csproj", "{BB633CB0-A387-4710-99CB-8D359339C747}"
EndProject
Project("{FAE04EC0-301F-11D3-BF4B-00C04F79EFBC}") = "O. ChatLogger", "O. ChatLogger\O. ChatLogger.csproj", "{F7E3E125-50C4-4912-A532-5093B43BF6C2}"
EndProject
Project("{FAE04EC0-301F-11D3-BF4B-00C04F79EFBC}") = "P. OhMyGirl", "P. OhMyGirl\P. OhMyGirl.csproj", "{8BABD308-1C13-4F38-B290-6F8458DEF964}"
EndProject
Project("{FAE04EC0-301F-11D3-BF4B-00C04F79EFBC}") = "H. UseYourChainsBuddy", "H. UseYourChainsBuddy\H. UseYourChainsBuddy.csproj", "{5670ED49-62E5-4EFD-974F-ED1A7D1365E7}"
EndProject
Project("{FAE04EC0-301F-11D3-BF4B-00C04F79EFBC}") = "F. ExtractHyperlinks", "F. ExtractHyperlinks\F. ExtractHyperlinks.csproj", "{C086C16C-D8B4-4E93-BC80-6C4923345AB2}"
EndProject
Project("{FAE04EC0-301F-11D3-BF4B-00C04F79EFBC}") = "I. SemanticHTML", "I. SemanticHTML\I. SemanticHTML.csproj", "{2BE431C7-7191-4002-A1C4-65609364EE2B}"
EndProject
Global
	GlobalSection(SolutionConfigurationPlatforms) = preSolution
		Debug|Any CPU = Debug|Any CPU
		Release|Any CPU = Release|Any CPU
	EndGlobalSection
	GlobalSection(ProjectConfigurationPlatforms) = postSolution
		{46D04D40-0390-4FA6-BD23-55D43B3F2B99}.Debug|Any CPU.ActiveCfg = Debug|Any CPU
		{46D04D40-0390-4FA6-BD23-55D43B3F2B99}.Debug|Any CPU.Build.0 = Debug|Any CPU
		{46D04D40-0390-4FA6-BD23-55D43B3F2B99}.Release|Any CPU.ActiveCfg = Release|Any CPU
		{46D04D40-0390-4FA6-BD23-55D43B3F2B99}.Release|Any CPU.Build.0 = Release|Any CPU
		{5C424C1D-AF30-4CB1-A205-883B7780490F}.Debug|Any CPU.ActiveCfg = Debug|Any CPU
		{5C424C1D-AF30-4CB1-A205-883B7780490F}.Debug|Any CPU.Build.0 = Debug|Any CPU
		{5C424C1D-AF30-4CB1-A205-883B7780490F}.Release|Any CPU.ActiveCfg = Release|Any CPU
		{5C424C1D-AF30-4CB1-A205-883B7780490F}.Release|Any CPU.Build.0 = Release|Any CPU
		{3DFB1792-C66A-49AF-B1C5-7C1F03702045}.Debug|Any CPU.ActiveCfg = Debug|Any CPU
		{3DFB1792-C66A-49AF-B1C5-7C1F03702045}.Debug|Any CPU.Build.0 = Debug|Any CPU
		{3DFB1792-C66A-49AF-B1C5-7C1F03702045}.Release|Any CPU.ActiveCfg = Release|Any CPU
		{3DFB1792-C66A-49AF-B1C5-7C1F03702045}.Release|Any CPU.Build.0 = Release|Any CPU
		{988C96AF-BE26-4245-A15A-5ED2CC7EC764}.Debug|Any CPU.ActiveCfg = Debug|Any CPU
		{988C96AF-BE26-4245-A15A-5ED2CC7EC764}.Debug|Any CPU.Build.0 = Debug|Any CPU
		{988C96AF-BE26-4245-A15A-5ED2CC7EC764}.Release|Any CPU.ActiveCfg = Release|Any CPU
		{988C96AF-BE26-4245-A15A-5ED2CC7EC764}.Release|Any CPU.Build.0 = Release|Any CPU
		{4320D992-B1C4-4529-8F2D-3237EF8B34F2}.Debug|Any CPU.ActiveCfg = Debug|Any CPU
		{4320D992-B1C4-4529-8F2D-3237EF8B34F2}.Debug|Any CPU.Build.0 = Debug|Any CPU
		{4320D992-B1C4-4529-8F2D-3237EF8B34F2}.Release|Any CPU.ActiveCfg = Release|Any CPU
		{4320D992-B1C4-4529-8F2D-3237EF8B34F2}.Release|Any CPU.Build.0 = Release|Any CPU
		{43AAAB3E-AE27-4D97-A873-4827E4E9F026}.Debug|Any CPU.ActiveCfg = Debug|Any CPU
		{43AAAB3E-AE27-4D97-A873-4827E4E9F026}.Debug|Any CPU.Build.0 = Debug|Any CPU
		{43AAAB3E-AE27-4D97-A873-4827E4E9F026}.Release|Any CPU.ActiveCfg = Release|Any CPU
		{43AAAB3E-AE27-4D97-A873-4827E4E9F026}.Release|Any CPU.Build.0 = Release|Any CPU
		{8ED7C399-CE7E-4FD4-9141-3B329B184CF3}.Debug|Any CPU.ActiveCfg = Debug|Any CPU
		{8ED7C399-CE7E-4FD4-9141-3B329B184CF3}.Debug|Any CPU.Build.0 = Debug|Any CPU
		{8ED7C399-CE7E-4FD4-9141-3B329B184CF3}.Release|Any CPU.ActiveCfg = Release|Any CPU
		{8ED7C399-CE7E-4FD4-9141-3B329B184CF3}.Release|Any CPU.Build.0 = Release|Any CPU
		{5165968D-AA39-443A-B71C-B71B92EC7246}.Debug|Any CPU.ActiveCfg = Debug|Any CPU
		{5165968D-AA39-443A-B71C-B71B92EC7246}.Debug|Any CPU.Build.0 = Debug|Any CPU
		{5165968D-AA39-443A-B71C-B71B92EC7246}.Release|Any CPU.ActiveCfg = Release|Any CPU
		{5165968D-AA39-443A-B71C-B71B92EC7246}.Release|Any CPU.Build.0 = Release|Any CPU
		{0A2B2519-9A14-409C-9BF8-155D292295A6}.Debug|Any CPU.ActiveCfg = Debug|Any CPU
		{0A2B2519-9A14-409C-9BF8-155D292295A6}.Debug|Any CPU.Build.0 = Debug|Any CPU
		{0A2B2519-9A14-409C-9BF8-155D292295A6}.Release|Any CPU.ActiveCfg = Release|Any CPU
		{0A2B2519-9A14-409C-9BF8-155D292295A6}.Release|Any CPU.Build.0 = Release|Any CPU
		{BB633CB0-A387-4710-99CB-8D359339C747}.Debug|Any CPU.ActiveCfg = Debug|Any CPU
		{BB633CB0-A387-4710-99CB-8D359339C747}.Debug|Any CPU.Build.0 = Debug|Any CPU
		{BB633CB0-A387-4710-99CB-8D359339C747}.Release|Any CPU.ActiveCfg = Release|Any CPU
		{BB633CB0-A387-4710-99CB-8D359339C747}.Release|Any CPU.Build.0 = Release|Any CPU
		{F7E3E125-50C4-4912-A532-5093B43BF6C2}.Debug|Any CPU.ActiveCfg = Debug|Any CPU
		{F7E3E125-50C4-4912-A532-5093B43BF6C2}.Debug|Any CPU.Build.0 = Debug|Any CPU
		{F7E3E125-50C4-4912-A532-5093B43BF6C2}.Release|Any CPU.ActiveCfg = Release|Any CPU
		{F7E3E125-50C4-4912-A532-5093B43BF6C2}.Release|Any CPU.Build.0 = Release|Any CPU
		{8BABD308-1C13-4F38-B290-6F8458DEF964}.Debug|Any CPU.ActiveCfg = Debug|Any CPU
		{8BABD308-1C13-4F38-B290-6F8458DEF964}.Debug|Any CPU.Build.0 = Debug|Any CPU
		{8BABD308-1C13-4F38-B290-6F8458DEF964}.Release|Any CPU.ActiveCfg = Release|Any CPU
		{8BABD308-1C13-4F38-B290-6F8458DEF964}.Release|Any CPU.Build.0 = Release|Any CPU
		{5670ED49-62E5-4EFD-974F-ED1A7D1365E7}.Debug|Any CPU.ActiveCfg = Debug|Any CPU
		{5670ED49-62E5-4EFD-974F-ED1A7D1365E7}.Debug|Any CPU.Build.0 = Debug|Any CPU
		{5670ED49-62E5-4EFD-974F-ED1A7D1365E7}.Release|Any CPU.ActiveCfg = Release|Any CPU
		{5670ED49-62E5-4EFD-974F-ED1A7D1365E7}.Release|Any CPU.Build.0 = Release|Any CPU
		{C086C16C-D8B4-4E93-BC80-6C4923345AB2}.Debug|Any CPU.ActiveCfg = Debug|Any CPU
		{C086C16C-D8B4-4E93-BC80-6C4923345AB2}.Debug|Any CPU.Build.0 = Debug|Any CPU
		{C086C16C-D8B4-4E93-BC80-6C4923345AB2}.Release|Any CPU.ActiveCfg = Release|Any CPU
		{C086C16C-D8B4-4E93-BC80-6C4923345AB2}.Release|Any CPU.Build.0 = Release|Any CPU
		{2BE431C7-7191-4002-A1C4-65609364EE2B}.Debug|Any CPU.ActiveCfg = Debug|Any CPU
		{2BE431C7-7191-4002-A1C4-65609364EE2B}.Debug|Any CPU.Build.0 = Debug|Any CPU
		{2BE431C7-7191-4002-A1C4-65609364EE2B}.Release|Any CPU.ActiveCfg = Release|Any CPU
		{2BE431C7-7191-4002-A1C4-65609364EE2B}.Release|Any CPU.Build.0 = Release|Any CPU
	EndGlobalSection
	GlobalSection(SolutionProperties) = preSolution
		HideSolutionNode = FALSE
	EndGlobalSection
EndGlobal
