
Microsoft Visual Studio Solution File, Format Version 12.00
# Visual Studio 2013
VisualStudioVersion = 12.0.31101.0
MinimumVisualStudioVersion = 10.0.40219.1
Project("{FAE04EC0-301F-11D3-BF4B-00C04F79EFBC}") = "A. HumanStudentAndWorker", "A. HumanStudentAndWorker\A. HumanStudentAndWorker.csproj", "{B55CC8A0-A157-48AB-933B-42CE3CFDD710}"
EndProject
Project("{FAE04EC0-301F-11D3-BF4B-00C04F79EFBC}") = "B. Animals", "B. Animals\B. Animals.csproj", "{71541E9C-B1D6-492E-BF7B-5CF0D71BB757}"
EndProject
Project("{FAE04EC0-301F-11D3-BF4B-00C04F79EFBC}") = "C. CompanyHierarchy", "C. CompanyHierarchy\C. CompanyHierarchy.csproj", "{642CB6DF-B347-4AF4-90A5-AE12CD373AEF}"
EndProject
Global
	GlobalSection(SolutionConfigurationPlatforms) = preSolution
		Debug|Any CPU = Debug|Any CPU
		Release|Any CPU = Release|Any CPU
	EndGlobalSection
	GlobalSection(ProjectConfigurationPlatforms) = postSolution
		{B55CC8A0-A157-48AB-933B-42CE3CFDD710}.Debug|Any CPU.ActiveCfg = Debug|Any CPU
		{B55CC8A0-A157-48AB-933B-42CE3CFDD710}.Debug|Any CPU.Build.0 = Debug|Any CPU
		{B55CC8A0-A157-48AB-933B-42CE3CFDD710}.Release|Any CPU.ActiveCfg = Release|Any CPU
		{B55CC8A0-A157-48AB-933B-42CE3CFDD710}.Release|Any CPU.Build.0 = Release|Any CPU
		{71541E9C-B1D6-492E-BF7B-5CF0D71BB757}.Debug|Any CPU.ActiveCfg = Debug|Any CPU
		{71541E9C-B1D6-492E-BF7B-5CF0D71BB757}.Debug|Any CPU.Build.0 = Debug|Any CPU
		{71541E9C-B1D6-492E-BF7B-5CF0D71BB757}.Release|Any CPU.ActiveCfg = Release|Any CPU
		{71541E9C-B1D6-492E-BF7B-5CF0D71BB757}.Release|Any CPU.Build.0 = Release|Any CPU
		{642CB6DF-B347-4AF4-90A5-AE12CD373AEF}.Debug|Any CPU.ActiveCfg = Debug|Any CPU
		{642CB6DF-B347-4AF4-90A5-AE12CD373AEF}.Debug|Any CPU.Build.0 = Debug|Any CPU
		{642CB6DF-B347-4AF4-90A5-AE12CD373AEF}.Release|Any CPU.ActiveCfg = Release|Any CPU
		{642CB6DF-B347-4AF4-90A5-AE12CD373AEF}.Release|Any CPU.Build.0 = Release|Any CPU
	EndGlobalSection
	GlobalSection(SolutionProperties) = preSolution
		HideSolutionNode = FALSE
	EndGlobalSection
EndGlobal
