
Microsoft Visual Studio Solution File, Format Version 12.00
# Visual Studio 2013
VisualStudioVersion = 12.0.31101.0
MinimumVisualStudioVersion = 10.0.40219.1
Project("{FAE04EC0-301F-11D3-BF4B-00C04F79EFBC}") = "A. OddLines", "A. OddLines\A. OddLines.csproj", "{06983B2A-088F-4CDF-9BBD-040563ACCD23}"
EndProject
Project("{FAE04EC0-301F-11D3-BF4B-00C04F79EFBC}") = "B. LineNumbers", "B. LineNumbers\B. LineNumbers.csproj", "{5E953CBA-E4A3-42E8-BB2A-7A49C1D693C9}"
EndProject
Project("{FAE04EC0-301F-11D3-BF4B-00C04F79EFBC}") = "C. WordCount", "C. WordCount\C. WordCount.csproj", "{944ADBFC-DDC2-4787-85DA-B95539D5FE3F}"
EndProject
Project("{FAE04EC0-301F-11D3-BF4B-00C04F79EFBC}") = "D. CopyBinaryFile", "D. CopyBinaryFile\D. CopyBinaryFile.csproj", "{128E842A-AE42-459F-92C2-67C10505461A}"
EndProject
Project("{FAE04EC0-301F-11D3-BF4B-00C04F79EFBC}") = "E. SlicingFile", "E. SlicingFiles\E. SlicingFile.csproj", "{E55FA9AD-3B89-4AC1-A489-31356FFA9523}"
EndProject
Project("{FAE04EC0-301F-11D3-BF4B-00C04F79EFBC}") = "F. ZippingSlicedFiles", "F. ZippingSlicedFiles\F. ZippingSlicedFiles.csproj", "{CF87FCCA-AE01-4C13-BEA3-403C113D8706}"
EndProject
Project("{FAE04EC0-301F-11D3-BF4B-00C04F79EFBC}") = "G. DirectoryTraversal", "G. DirectoryTraversal\G. DirectoryTraversal.csproj", "{F76D4A53-12C2-4517-8A03-60937A086C07}"
EndProject
Global
	GlobalSection(SolutionConfigurationPlatforms) = preSolution
		Debug|Any CPU = Debug|Any CPU
		Release|Any CPU = Release|Any CPU
	EndGlobalSection
	GlobalSection(ProjectConfigurationPlatforms) = postSolution
		{06983B2A-088F-4CDF-9BBD-040563ACCD23}.Debug|Any CPU.ActiveCfg = Debug|Any CPU
		{06983B2A-088F-4CDF-9BBD-040563ACCD23}.Debug|Any CPU.Build.0 = Debug|Any CPU
		{06983B2A-088F-4CDF-9BBD-040563ACCD23}.Release|Any CPU.ActiveCfg = Release|Any CPU
		{06983B2A-088F-4CDF-9BBD-040563ACCD23}.Release|Any CPU.Build.0 = Release|Any CPU
		{5E953CBA-E4A3-42E8-BB2A-7A49C1D693C9}.Debug|Any CPU.ActiveCfg = Debug|Any CPU
		{5E953CBA-E4A3-42E8-BB2A-7A49C1D693C9}.Debug|Any CPU.Build.0 = Debug|Any CPU
		{5E953CBA-E4A3-42E8-BB2A-7A49C1D693C9}.Release|Any CPU.ActiveCfg = Release|Any CPU
		{5E953CBA-E4A3-42E8-BB2A-7A49C1D693C9}.Release|Any CPU.Build.0 = Release|Any CPU
		{944ADBFC-DDC2-4787-85DA-B95539D5FE3F}.Debug|Any CPU.ActiveCfg = Debug|Any CPU
		{944ADBFC-DDC2-4787-85DA-B95539D5FE3F}.Debug|Any CPU.Build.0 = Debug|Any CPU
		{944ADBFC-DDC2-4787-85DA-B95539D5FE3F}.Release|Any CPU.ActiveCfg = Release|Any CPU
		{944ADBFC-DDC2-4787-85DA-B95539D5FE3F}.Release|Any CPU.Build.0 = Release|Any CPU
		{128E842A-AE42-459F-92C2-67C10505461A}.Debug|Any CPU.ActiveCfg = Debug|Any CPU
		{128E842A-AE42-459F-92C2-67C10505461A}.Debug|Any CPU.Build.0 = Debug|Any CPU
		{128E842A-AE42-459F-92C2-67C10505461A}.Release|Any CPU.ActiveCfg = Release|Any CPU
		{128E842A-AE42-459F-92C2-67C10505461A}.Release|Any CPU.Build.0 = Release|Any CPU
		{E55FA9AD-3B89-4AC1-A489-31356FFA9523}.Debug|Any CPU.ActiveCfg = Debug|Any CPU
		{E55FA9AD-3B89-4AC1-A489-31356FFA9523}.Debug|Any CPU.Build.0 = Debug|Any CPU
		{E55FA9AD-3B89-4AC1-A489-31356FFA9523}.Release|Any CPU.ActiveCfg = Release|Any CPU
		{E55FA9AD-3B89-4AC1-A489-31356FFA9523}.Release|Any CPU.Build.0 = Release|Any CPU
		{CF87FCCA-AE01-4C13-BEA3-403C113D8706}.Debug|Any CPU.ActiveCfg = Debug|Any CPU
		{CF87FCCA-AE01-4C13-BEA3-403C113D8706}.Debug|Any CPU.Build.0 = Debug|Any CPU
		{CF87FCCA-AE01-4C13-BEA3-403C113D8706}.Release|Any CPU.ActiveCfg = Release|Any CPU
		{CF87FCCA-AE01-4C13-BEA3-403C113D8706}.Release|Any CPU.Build.0 = Release|Any CPU
		{F76D4A53-12C2-4517-8A03-60937A086C07}.Debug|Any CPU.ActiveCfg = Debug|Any CPU
		{F76D4A53-12C2-4517-8A03-60937A086C07}.Debug|Any CPU.Build.0 = Debug|Any CPU
		{F76D4A53-12C2-4517-8A03-60937A086C07}.Release|Any CPU.ActiveCfg = Release|Any CPU
		{F76D4A53-12C2-4517-8A03-60937A086C07}.Release|Any CPU.Build.0 = Release|Any CPU
	EndGlobalSection
	GlobalSection(SolutionProperties) = preSolution
		HideSolutionNode = FALSE
	EndGlobalSection
EndGlobal
