
Microsoft Visual Studio Solution File, Format Version 12.00
# Visual Studio 2013
VisualStudioVersion = 12.0.31101.0
MinimumVisualStudioVersion = 10.0.40219.1
Project("{FAE04EC0-301F-11D3-BF4B-00C04F79EFBC}") = "A. CustomLINQExtensionMethods", "A. CustomLINQExtensionMethods\A. CustomLINQExtensionMethods.csproj", "{F5DFD8D7-0A84-4812-8EBD-398A09FD1CF7}"
EndProject
Project("{FAE04EC0-301F-11D3-BF4B-00C04F79EFBC}") = "B. InterestCalculator", "B. InterestCalculator\B. InterestCalculator.csproj", "{8805B391-AB8C-4D8D-A4CE-54A8D54A628F}"
EndProject
Project("{FAE04EC0-301F-11D3-BF4B-00C04F79EFBC}") = "D. StudentClass", "D. StudentClass\D. StudentClass.csproj", "{9DCDB527-663C-4A8F-901D-7698E4C9C927}"
EndProject
Global
	GlobalSection(SolutionConfigurationPlatforms) = preSolution
		Debug|Any CPU = Debug|Any CPU
		Release|Any CPU = Release|Any CPU
	EndGlobalSection
	GlobalSection(ProjectConfigurationPlatforms) = postSolution
		{F5DFD8D7-0A84-4812-8EBD-398A09FD1CF7}.Debug|Any CPU.ActiveCfg = Debug|Any CPU
		{F5DFD8D7-0A84-4812-8EBD-398A09FD1CF7}.Debug|Any CPU.Build.0 = Debug|Any CPU
		{F5DFD8D7-0A84-4812-8EBD-398A09FD1CF7}.Release|Any CPU.ActiveCfg = Release|Any CPU
		{F5DFD8D7-0A84-4812-8EBD-398A09FD1CF7}.Release|Any CPU.Build.0 = Release|Any CPU
		{8805B391-AB8C-4D8D-A4CE-54A8D54A628F}.Debug|Any CPU.ActiveCfg = Debug|Any CPU
		{8805B391-AB8C-4D8D-A4CE-54A8D54A628F}.Debug|Any CPU.Build.0 = Debug|Any CPU
		{8805B391-AB8C-4D8D-A4CE-54A8D54A628F}.Release|Any CPU.ActiveCfg = Release|Any CPU
		{8805B391-AB8C-4D8D-A4CE-54A8D54A628F}.Release|Any CPU.Build.0 = Release|Any CPU
		{9DCDB527-663C-4A8F-901D-7698E4C9C927}.Debug|Any CPU.ActiveCfg = Debug|Any CPU
		{9DCDB527-663C-4A8F-901D-7698E4C9C927}.Debug|Any CPU.Build.0 = Debug|Any CPU
		{9DCDB527-663C-4A8F-901D-7698E4C9C927}.Release|Any CPU.ActiveCfg = Release|Any CPU
		{9DCDB527-663C-4A8F-901D-7698E4C9C927}.Release|Any CPU.Build.0 = Release|Any CPU
	EndGlobalSection
	GlobalSection(SolutionProperties) = preSolution
		HideSolutionNode = FALSE
	EndGlobalSection
EndGlobal
