
Microsoft Visual Studio Solution File, Format Version 12.00
# Visual Studio 2013
VisualStudioVersion = 12.0.31101.0
MinimumVisualStudioVersion = 10.0.40219.1
Project("{FAE04EC0-301F-11D3-BF4B-00C04F79EFBC}") = "HelloCSharp", "HelloCSharp\HelloCSharp.csproj", "{7C86CC00-89DC-4DEF-8FC2-63CE52E99B3E}"
EndProject
Project("{FAE04EC0-301F-11D3-BF4B-00C04F79EFBC}") = "PrintMyName", "PrintMyName\PrintMyName.csproj", "{3EE8C00C-7076-40D8-8B0E-059257E7ACE1}"
EndProject
Project("{FAE04EC0-301F-11D3-BF4B-00C04F79EFBC}") = "PrintNumbers", "PrintNumbers\PrintNumbers.csproj", "{560B7F6B-35A0-4B95-A335-7F207A834D56}"
EndProject
Project("{FAE04EC0-301F-11D3-BF4B-00C04F79EFBC}") = "PrintFirstAndLastName", "PrintFirstAndLastName\PrintFirstAndLastName.csproj", "{E8D42EF1-EAB2-4A28-A295-97627253B9F8}"
EndProject
Project("{FAE04EC0-301F-11D3-BF4B-00C04F79EFBC}") = "SquareRoot", "SquareRoot\SquareRoot.csproj", "{52F0DF48-767C-4C2A-8FEF-1F02319FB445}"
EndProject
Project("{FAE04EC0-301F-11D3-BF4B-00C04F79EFBC}") = "PrintSequence", "PrintSequence\PrintSequence.csproj", "{9183254A-7483-43F4-8FB2-5BDAAFEEF3C5}"
EndProject
Project("{FAE04EC0-301F-11D3-BF4B-00C04F79EFBC}") = "ReformatCode", "ReformatCode\ReformatCode.csproj", "{1442F803-2E5B-4F3A-8022-14BB5502F320}"
EndProject
Project("{FAE04EC0-301F-11D3-BF4B-00C04F79EFBC}") = "CurrentDateTime", "CurrentDateTime\CurrentDateTime.csproj", "{499DE17A-7E93-4B0D-8FCC-2F01D905922D}"
EndProject
Project("{FAE04EC0-301F-11D3-BF4B-00C04F79EFBC}") = "AgeAfter10Years", "AgeAfter10Years\AgeAfter10Years.csproj", "{AE7AA6DF-C665-493D-AC29-19833FE60ADD}"
EndProject
Project("{FAE04EC0-301F-11D3-BF4B-00C04F79EFBC}") = "PrintLongSequence", "PrintLongSequence\PrintLongSequence.csproj", "{0932E349-151A-49EC-983C-25D65131F06D}"
EndProject
Global
	GlobalSection(SolutionConfigurationPlatforms) = preSolution
		Debug|Any CPU = Debug|Any CPU
		Release|Any CPU = Release|Any CPU
	EndGlobalSection
	GlobalSection(ProjectConfigurationPlatforms) = postSolution
		{7C86CC00-89DC-4DEF-8FC2-63CE52E99B3E}.Debug|Any CPU.ActiveCfg = Debug|Any CPU
		{7C86CC00-89DC-4DEF-8FC2-63CE52E99B3E}.Debug|Any CPU.Build.0 = Debug|Any CPU
		{7C86CC00-89DC-4DEF-8FC2-63CE52E99B3E}.Release|Any CPU.ActiveCfg = Release|Any CPU
		{7C86CC00-89DC-4DEF-8FC2-63CE52E99B3E}.Release|Any CPU.Build.0 = Release|Any CPU
		{3EE8C00C-7076-40D8-8B0E-059257E7ACE1}.Debug|Any CPU.ActiveCfg = Debug|Any CPU
		{3EE8C00C-7076-40D8-8B0E-059257E7ACE1}.Debug|Any CPU.Build.0 = Debug|Any CPU
		{3EE8C00C-7076-40D8-8B0E-059257E7ACE1}.Release|Any CPU.ActiveCfg = Release|Any CPU
		{3EE8C00C-7076-40D8-8B0E-059257E7ACE1}.Release|Any CPU.Build.0 = Release|Any CPU
		{560B7F6B-35A0-4B95-A335-7F207A834D56}.Debug|Any CPU.ActiveCfg = Debug|Any CPU
		{560B7F6B-35A0-4B95-A335-7F207A834D56}.Debug|Any CPU.Build.0 = Debug|Any CPU
		{560B7F6B-35A0-4B95-A335-7F207A834D56}.Release|Any CPU.ActiveCfg = Release|Any CPU
		{560B7F6B-35A0-4B95-A335-7F207A834D56}.Release|Any CPU.Build.0 = Release|Any CPU
		{E8D42EF1-EAB2-4A28-A295-97627253B9F8}.Debug|Any CPU.ActiveCfg = Debug|Any CPU
		{E8D42EF1-EAB2-4A28-A295-97627253B9F8}.Debug|Any CPU.Build.0 = Debug|Any CPU
		{E8D42EF1-EAB2-4A28-A295-97627253B9F8}.Release|Any CPU.ActiveCfg = Release|Any CPU
		{E8D42EF1-EAB2-4A28-A295-97627253B9F8}.Release|Any CPU.Build.0 = Release|Any CPU
		{52F0DF48-767C-4C2A-8FEF-1F02319FB445}.Debug|Any CPU.ActiveCfg = Debug|Any CPU
		{52F0DF48-767C-4C2A-8FEF-1F02319FB445}.Debug|Any CPU.Build.0 = Debug|Any CPU
		{52F0DF48-767C-4C2A-8FEF-1F02319FB445}.Release|Any CPU.ActiveCfg = Release|Any CPU
		{52F0DF48-767C-4C2A-8FEF-1F02319FB445}.Release|Any CPU.Build.0 = Release|Any CPU
		{9183254A-7483-43F4-8FB2-5BDAAFEEF3C5}.Debug|Any CPU.ActiveCfg = Debug|Any CPU
		{9183254A-7483-43F4-8FB2-5BDAAFEEF3C5}.Debug|Any CPU.Build.0 = Debug|Any CPU
		{9183254A-7483-43F4-8FB2-5BDAAFEEF3C5}.Release|Any CPU.ActiveCfg = Release|Any CPU
		{9183254A-7483-43F4-8FB2-5BDAAFEEF3C5}.Release|Any CPU.Build.0 = Release|Any CPU
		{1442F803-2E5B-4F3A-8022-14BB5502F320}.Debug|Any CPU.ActiveCfg = Debug|Any CPU
		{1442F803-2E5B-4F3A-8022-14BB5502F320}.Debug|Any CPU.Build.0 = Debug|Any CPU
		{1442F803-2E5B-4F3A-8022-14BB5502F320}.Release|Any CPU.ActiveCfg = Release|Any CPU
		{1442F803-2E5B-4F3A-8022-14BB5502F320}.Release|Any CPU.Build.0 = Release|Any CPU
		{499DE17A-7E93-4B0D-8FCC-2F01D905922D}.Debug|Any CPU.ActiveCfg = Debug|Any CPU
		{499DE17A-7E93-4B0D-8FCC-2F01D905922D}.Debug|Any CPU.Build.0 = Debug|Any CPU
		{499DE17A-7E93-4B0D-8FCC-2F01D905922D}.Release|Any CPU.ActiveCfg = Release|Any CPU
		{499DE17A-7E93-4B0D-8FCC-2F01D905922D}.Release|Any CPU.Build.0 = Release|Any CPU
		{AE7AA6DF-C665-493D-AC29-19833FE60ADD}.Debug|Any CPU.ActiveCfg = Debug|Any CPU
		{AE7AA6DF-C665-493D-AC29-19833FE60ADD}.Debug|Any CPU.Build.0 = Debug|Any CPU
		{AE7AA6DF-C665-493D-AC29-19833FE60ADD}.Release|Any CPU.ActiveCfg = Release|Any CPU
		{AE7AA6DF-C665-493D-AC29-19833FE60ADD}.Release|Any CPU.Build.0 = Release|Any CPU
		{0932E349-151A-49EC-983C-25D65131F06D}.Debug|Any CPU.ActiveCfg = Debug|Any CPU
		{0932E349-151A-49EC-983C-25D65131F06D}.Debug|Any CPU.Build.0 = Debug|Any CPU
		{0932E349-151A-49EC-983C-25D65131F06D}.Release|Any CPU.ActiveCfg = Release|Any CPU
		{0932E349-151A-49EC-983C-25D65131F06D}.Release|Any CPU.Build.0 = Release|Any CPU
	EndGlobalSection
	GlobalSection(SolutionProperties) = preSolution
		HideSolutionNode = FALSE
	EndGlobalSection
EndGlobal
