
Microsoft Visual Studio Solution File, Format Version 12.00
# Visual Studio 2013
VisualStudioVersion = 12.0.31101.0
MinimumVisualStudioVersion = 10.0.40219.1
Project("{FAE04EC0-301F-11D3-BF4B-00C04F79EFBC}") = "NumbersFrom1ToN", "NumbersFrom1ToN\NumbersFrom1ToN.csproj", "{13676B74-6704-4414-9B06-EF4A4BB63DAC}"
EndProject
Project("{FAE04EC0-301F-11D3-BF4B-00C04F79EFBC}") = "NumbersNotDivisibleBy3And7", "NumbersNotDivisibleBy3And7\NumbersNotDivisibleBy3And7.csproj", "{263FD98E-6B29-49B8-97EA-417618F9A85B}"
EndProject
Project("{FAE04EC0-301F-11D3-BF4B-00C04F79EFBC}") = "MinMaxSumAndAverageOfNNumbers", "MinMaxSumAndAverageOfNNumbers\MinMaxSumAndAverageOfNNumbers.csproj", "{FF0D8561-9ACB-4AF5-98D0-0C4AF5F90218}"
EndProject
Project("{FAE04EC0-301F-11D3-BF4B-00C04F79EFBC}") = "PrintDeckOf52Cards", "PrintDeckOf52Cards\PrintDeckOf52Cards.csproj", "{458F9B35-F3F7-4910-A095-20149437655A}"
EndProject
Project("{FAE04EC0-301F-11D3-BF4B-00C04F79EFBC}") = "Calculate1PlusEtc", "Calculate1PlusEtc\Calculate1PlusEtc.csproj", "{36FB7809-7F82-4FD5-8606-EA9C7661039D}"
EndProject
Project("{FAE04EC0-301F-11D3-BF4B-00C04F79EFBC}") = "CalculateNK", "CalculateNK\CalculateNK.csproj", "{5D37836B-435A-4463-AC16-F729D77DA2F0}"
EndProject
Project("{FAE04EC0-301F-11D3-BF4B-00C04F79EFBC}") = "CalculateNK2", "CalculateNK2\CalculateNK2.csproj", "{D8A41BD2-BB9A-43D6-B44A-1C0BF0C523DF}"
EndProject
Project("{FAE04EC0-301F-11D3-BF4B-00C04F79EFBC}") = "CatalanNumbers", "CatalanNumbers\CatalanNumbers.csproj", "{F9E5697E-0579-4737-B892-0D79CC59A40C}"
EndProject
Project("{FAE04EC0-301F-11D3-BF4B-00C04F79EFBC}") = "MatrixOfNumbers", "MatrixOfNumbers\MatrixOfNumbers.csproj", "{8297D969-58E4-4404-A1AE-0CF2C9A9B50C}"
EndProject
Project("{FAE04EC0-301F-11D3-BF4B-00C04F79EFBC}") = "OddAndEvenProduct", "OddAndEvenProduct\OddAndEvenProduct.csproj", "{3AA8F138-0139-49A4-A1F7-FCE3B5D36CDD}"
EndProject
Project("{FAE04EC0-301F-11D3-BF4B-00C04F79EFBC}") = "RandomNumbersInGivenRange", "RandomNumbersInGivenRange\RandomNumbersInGivenRange.csproj", "{911239FE-41AE-4B3F-9A3F-EE3B68D68C50}"
EndProject
Global
	GlobalSection(SolutionConfigurationPlatforms) = preSolution
		Debug|Any CPU = Debug|Any CPU
		Release|Any CPU = Release|Any CPU
	EndGlobalSection
	GlobalSection(ProjectConfigurationPlatforms) = postSolution
		{13676B74-6704-4414-9B06-EF4A4BB63DAC}.Debug|Any CPU.ActiveCfg = Debug|Any CPU
		{13676B74-6704-4414-9B06-EF4A4BB63DAC}.Debug|Any CPU.Build.0 = Debug|Any CPU
		{13676B74-6704-4414-9B06-EF4A4BB63DAC}.Release|Any CPU.ActiveCfg = Release|Any CPU
		{13676B74-6704-4414-9B06-EF4A4BB63DAC}.Release|Any CPU.Build.0 = Release|Any CPU
		{263FD98E-6B29-49B8-97EA-417618F9A85B}.Debug|Any CPU.ActiveCfg = Debug|Any CPU
		{263FD98E-6B29-49B8-97EA-417618F9A85B}.Debug|Any CPU.Build.0 = Debug|Any CPU
		{263FD98E-6B29-49B8-97EA-417618F9A85B}.Release|Any CPU.ActiveCfg = Release|Any CPU
		{263FD98E-6B29-49B8-97EA-417618F9A85B}.Release|Any CPU.Build.0 = Release|Any CPU
		{FF0D8561-9ACB-4AF5-98D0-0C4AF5F90218}.Debug|Any CPU.ActiveCfg = Debug|Any CPU
		{FF0D8561-9ACB-4AF5-98D0-0C4AF5F90218}.Debug|Any CPU.Build.0 = Debug|Any CPU
		{FF0D8561-9ACB-4AF5-98D0-0C4AF5F90218}.Release|Any CPU.ActiveCfg = Release|Any CPU
		{FF0D8561-9ACB-4AF5-98D0-0C4AF5F90218}.Release|Any CPU.Build.0 = Release|Any CPU
		{458F9B35-F3F7-4910-A095-20149437655A}.Debug|Any CPU.ActiveCfg = Debug|Any CPU
		{458F9B35-F3F7-4910-A095-20149437655A}.Debug|Any CPU.Build.0 = Debug|Any CPU
		{458F9B35-F3F7-4910-A095-20149437655A}.Release|Any CPU.ActiveCfg = Release|Any CPU
		{458F9B35-F3F7-4910-A095-20149437655A}.Release|Any CPU.Build.0 = Release|Any CPU
		{36FB7809-7F82-4FD5-8606-EA9C7661039D}.Debug|Any CPU.ActiveCfg = Debug|Any CPU
		{36FB7809-7F82-4FD5-8606-EA9C7661039D}.Debug|Any CPU.Build.0 = Debug|Any CPU
		{36FB7809-7F82-4FD5-8606-EA9C7661039D}.Release|Any CPU.ActiveCfg = Release|Any CPU
		{36FB7809-7F82-4FD5-8606-EA9C7661039D}.Release|Any CPU.Build.0 = Release|Any CPU
		{5D37836B-435A-4463-AC16-F729D77DA2F0}.Debug|Any CPU.ActiveCfg = Debug|Any CPU
		{5D37836B-435A-4463-AC16-F729D77DA2F0}.Debug|Any CPU.Build.0 = Debug|Any CPU
		{5D37836B-435A-4463-AC16-F729D77DA2F0}.Release|Any CPU.ActiveCfg = Release|Any CPU
		{5D37836B-435A-4463-AC16-F729D77DA2F0}.Release|Any CPU.Build.0 = Release|Any CPU
		{D8A41BD2-BB9A-43D6-B44A-1C0BF0C523DF}.Debug|Any CPU.ActiveCfg = Debug|Any CPU
		{D8A41BD2-BB9A-43D6-B44A-1C0BF0C523DF}.Debug|Any CPU.Build.0 = Debug|Any CPU
		{D8A41BD2-BB9A-43D6-B44A-1C0BF0C523DF}.Release|Any CPU.ActiveCfg = Release|Any CPU
		{D8A41BD2-BB9A-43D6-B44A-1C0BF0C523DF}.Release|Any CPU.Build.0 = Release|Any CPU
		{F9E5697E-0579-4737-B892-0D79CC59A40C}.Debug|Any CPU.ActiveCfg = Debug|Any CPU
		{F9E5697E-0579-4737-B892-0D79CC59A40C}.Debug|Any CPU.Build.0 = Debug|Any CPU
		{F9E5697E-0579-4737-B892-0D79CC59A40C}.Release|Any CPU.ActiveCfg = Release|Any CPU
		{F9E5697E-0579-4737-B892-0D79CC59A40C}.Release|Any CPU.Build.0 = Release|Any CPU
		{8297D969-58E4-4404-A1AE-0CF2C9A9B50C}.Debug|Any CPU.ActiveCfg = Debug|Any CPU
		{8297D969-58E4-4404-A1AE-0CF2C9A9B50C}.Debug|Any CPU.Build.0 = Debug|Any CPU
		{8297D969-58E4-4404-A1AE-0CF2C9A9B50C}.Release|Any CPU.ActiveCfg = Release|Any CPU
		{8297D969-58E4-4404-A1AE-0CF2C9A9B50C}.Release|Any CPU.Build.0 = Release|Any CPU
		{3AA8F138-0139-49A4-A1F7-FCE3B5D36CDD}.Debug|Any CPU.ActiveCfg = Debug|Any CPU
		{3AA8F138-0139-49A4-A1F7-FCE3B5D36CDD}.Debug|Any CPU.Build.0 = Debug|Any CPU
		{3AA8F138-0139-49A4-A1F7-FCE3B5D36CDD}.Release|Any CPU.ActiveCfg = Release|Any CPU
		{3AA8F138-0139-49A4-A1F7-FCE3B5D36CDD}.Release|Any CPU.Build.0 = Release|Any CPU
		{911239FE-41AE-4B3F-9A3F-EE3B68D68C50}.Debug|Any CPU.ActiveCfg = Debug|Any CPU
		{911239FE-41AE-4B3F-9A3F-EE3B68D68C50}.Debug|Any CPU.Build.0 = Debug|Any CPU
		{911239FE-41AE-4B3F-9A3F-EE3B68D68C50}.Release|Any CPU.ActiveCfg = Release|Any CPU
		{911239FE-41AE-4B3F-9A3F-EE3B68D68C50}.Release|Any CPU.Build.0 = Release|Any CPU
	EndGlobalSection
	GlobalSection(SolutionProperties) = preSolution
		HideSolutionNode = FALSE
	EndGlobalSection
EndGlobal
