
Microsoft Visual Studio Solution File, Format Version 12.00
# Visual Studio 2013
VisualStudioVersion = 12.0.31101.0
MinimumVisualStudioVersion = 10.0.40219.1
Project("{FAE04EC0-301F-11D3-BF4B-00C04F79EFBC}") = "ExchangeIfGreater", "ExchangeIfGreater\ExchangeIfGreater.csproj", "{660B7A36-BBFF-46A4-B2FD-58BCD105A314}"
EndProject
Project("{FAE04EC0-301F-11D3-BF4B-00C04F79EFBC}") = "BonusScore", "BonusScore\BonusScore.csproj", "{4C5BDB54-86AC-47D2-84F6-FA3864F3B6A6}"
EndProject
Project("{FAE04EC0-301F-11D3-BF4B-00C04F79EFBC}") = "CheckForPlayCard", "CheckForPlayCard\CheckForPlayCard.csproj", "{F2E7305A-60F7-41FF-8321-15016356E05B}"
EndProject
Project("{FAE04EC0-301F-11D3-BF4B-00C04F79EFBC}") = "MultiplicationSign", "MultiplicationSign\MultiplicationSign.csproj", "{0F9D5E97-77E4-4D56-884A-C8F300E07EB7}"
EndProject
Project("{FAE04EC0-301F-11D3-BF4B-00C04F79EFBC}") = "TheBiggestOf3Numbers", "TheBiggestOf3Numbers\TheBiggestOf3Numbers.csproj", "{D1DBFBF1-6BF4-4F99-B7E4-E31811AF71C7}"
EndProject
Project("{FAE04EC0-301F-11D3-BF4B-00C04F79EFBC}") = "TheBiggestOfFiveNumbers", "TheBiggestOfFiveNumbers\TheBiggestOfFiveNumbers.csproj", "{51F88179-1B72-47FC-A4D4-56C03D6CD527}"
EndProject
Project("{FAE04EC0-301F-11D3-BF4B-00C04F79EFBC}") = "Sort3NumbersWithNestedIfs", "Sort3NumbersWithNestedIfs\Sort3NumbersWithNestedIfs.csproj", "{B4D7A10F-823B-4363-A992-7CA3377B38E4}"
EndProject
Project("{FAE04EC0-301F-11D3-BF4B-00C04F79EFBC}") = "DigitAsWord", "DigitAsWord\DigitAsWord.csproj", "{3C34AD37-529C-4A19-9B91-6324C2212470}"
EndProject
Project("{FAE04EC0-301F-11D3-BF4B-00C04F79EFBC}") = "PlayWithIntDoubleAndString", "PlayWithIntDoubleAndString\PlayWithIntDoubleAndString.csproj", "{C3FDAB5E-EC48-4EBC-852A-95ADBE221F8F}"
EndProject
Global
	GlobalSection(SolutionConfigurationPlatforms) = preSolution
		Debug|Any CPU = Debug|Any CPU
		Release|Any CPU = Release|Any CPU
	EndGlobalSection
	GlobalSection(ProjectConfigurationPlatforms) = postSolution
		{660B7A36-BBFF-46A4-B2FD-58BCD105A314}.Debug|Any CPU.ActiveCfg = Debug|Any CPU
		{660B7A36-BBFF-46A4-B2FD-58BCD105A314}.Debug|Any CPU.Build.0 = Debug|Any CPU
		{660B7A36-BBFF-46A4-B2FD-58BCD105A314}.Release|Any CPU.ActiveCfg = Release|Any CPU
		{660B7A36-BBFF-46A4-B2FD-58BCD105A314}.Release|Any CPU.Build.0 = Release|Any CPU
		{4C5BDB54-86AC-47D2-84F6-FA3864F3B6A6}.Debug|Any CPU.ActiveCfg = Debug|Any CPU
		{4C5BDB54-86AC-47D2-84F6-FA3864F3B6A6}.Debug|Any CPU.Build.0 = Debug|Any CPU
		{4C5BDB54-86AC-47D2-84F6-FA3864F3B6A6}.Release|Any CPU.ActiveCfg = Release|Any CPU
		{4C5BDB54-86AC-47D2-84F6-FA3864F3B6A6}.Release|Any CPU.Build.0 = Release|Any CPU
		{F2E7305A-60F7-41FF-8321-15016356E05B}.Debug|Any CPU.ActiveCfg = Debug|Any CPU
		{F2E7305A-60F7-41FF-8321-15016356E05B}.Debug|Any CPU.Build.0 = Debug|Any CPU
		{F2E7305A-60F7-41FF-8321-15016356E05B}.Release|Any CPU.ActiveCfg = Release|Any CPU
		{F2E7305A-60F7-41FF-8321-15016356E05B}.Release|Any CPU.Build.0 = Release|Any CPU
		{0F9D5E97-77E4-4D56-884A-C8F300E07EB7}.Debug|Any CPU.ActiveCfg = Debug|Any CPU
		{0F9D5E97-77E4-4D56-884A-C8F300E07EB7}.Debug|Any CPU.Build.0 = Debug|Any CPU
		{0F9D5E97-77E4-4D56-884A-C8F300E07EB7}.Release|Any CPU.ActiveCfg = Release|Any CPU
		{0F9D5E97-77E4-4D56-884A-C8F300E07EB7}.Release|Any CPU.Build.0 = Release|Any CPU
		{D1DBFBF1-6BF4-4F99-B7E4-E31811AF71C7}.Debug|Any CPU.ActiveCfg = Debug|Any CPU
		{D1DBFBF1-6BF4-4F99-B7E4-E31811AF71C7}.Debug|Any CPU.Build.0 = Debug|Any CPU
		{D1DBFBF1-6BF4-4F99-B7E4-E31811AF71C7}.Release|Any CPU.ActiveCfg = Release|Any CPU
		{D1DBFBF1-6BF4-4F99-B7E4-E31811AF71C7}.Release|Any CPU.Build.0 = Release|Any CPU
		{51F88179-1B72-47FC-A4D4-56C03D6CD527}.Debug|Any CPU.ActiveCfg = Debug|Any CPU
		{51F88179-1B72-47FC-A4D4-56C03D6CD527}.Debug|Any CPU.Build.0 = Debug|Any CPU
		{51F88179-1B72-47FC-A4D4-56C03D6CD527}.Release|Any CPU.ActiveCfg = Release|Any CPU
		{51F88179-1B72-47FC-A4D4-56C03D6CD527}.Release|Any CPU.Build.0 = Release|Any CPU
		{B4D7A10F-823B-4363-A992-7CA3377B38E4}.Debug|Any CPU.ActiveCfg = Debug|Any CPU
		{B4D7A10F-823B-4363-A992-7CA3377B38E4}.Debug|Any CPU.Build.0 = Debug|Any CPU
		{B4D7A10F-823B-4363-A992-7CA3377B38E4}.Release|Any CPU.ActiveCfg = Release|Any CPU
		{B4D7A10F-823B-4363-A992-7CA3377B38E4}.Release|Any CPU.Build.0 = Release|Any CPU
		{3C34AD37-529C-4A19-9B91-6324C2212470}.Debug|Any CPU.ActiveCfg = Debug|Any CPU
		{3C34AD37-529C-4A19-9B91-6324C2212470}.Debug|Any CPU.Build.0 = Debug|Any CPU
		{3C34AD37-529C-4A19-9B91-6324C2212470}.Release|Any CPU.ActiveCfg = Release|Any CPU
		{3C34AD37-529C-4A19-9B91-6324C2212470}.Release|Any CPU.Build.0 = Release|Any CPU
		{C3FDAB5E-EC48-4EBC-852A-95ADBE221F8F}.Debug|Any CPU.ActiveCfg = Debug|Any CPU
		{C3FDAB5E-EC48-4EBC-852A-95ADBE221F8F}.Debug|Any CPU.Build.0 = Debug|Any CPU
		{C3FDAB5E-EC48-4EBC-852A-95ADBE221F8F}.Release|Any CPU.ActiveCfg = Release|Any CPU
		{C3FDAB5E-EC48-4EBC-852A-95ADBE221F8F}.Release|Any CPU.Build.0 = Release|Any CPU
	EndGlobalSection
	GlobalSection(SolutionProperties) = preSolution
		HideSolutionNode = FALSE
	EndGlobalSection
EndGlobal
