
Microsoft Visual Studio Solution File, Format Version 12.00
# Visual Studio 2013
VisualStudioVersion = 12.0.31101.0
MinimumVisualStudioVersion = 10.0.40219.1
Project("{FAE04EC0-301F-11D3-BF4B-00C04F79EFBC}") = "A. Shapes", "A. Shapes\A. Shapes.csproj", "{21754472-8772-4FB7-A9CF-D3BE12658FAA}"
EndProject
Project("{FAE04EC0-301F-11D3-BF4B-00C04F79EFBC}") = "B. BankOfKurtovoKonare", "B. BankOfKurtovoKonare\B. BankOfKurtovoKonare.csproj", "{746B5D72-E634-4CF2-815E-DFFB863735EB}"
EndProject
Global
	GlobalSection(SolutionConfigurationPlatforms) = preSolution
		Debug|Any CPU = Debug|Any CPU
		Release|Any CPU = Release|Any CPU
	EndGlobalSection
	GlobalSection(ProjectConfigurationPlatforms) = postSolution
		{21754472-8772-4FB7-A9CF-D3BE12658FAA}.Debug|Any CPU.ActiveCfg = Debug|Any CPU
		{21754472-8772-4FB7-A9CF-D3BE12658FAA}.Debug|Any CPU.Build.0 = Debug|Any CPU
		{21754472-8772-4FB7-A9CF-D3BE12658FAA}.Release|Any CPU.ActiveCfg = Release|Any CPU
		{21754472-8772-4FB7-A9CF-D3BE12658FAA}.Release|Any CPU.Build.0 = Release|Any CPU
		{746B5D72-E634-4CF2-815E-DFFB863735EB}.Debug|Any CPU.ActiveCfg = Debug|Any CPU
		{746B5D72-E634-4CF2-815E-DFFB863735EB}.Debug|Any CPU.Build.0 = Debug|Any CPU
		{746B5D72-E634-4CF2-815E-DFFB863735EB}.Release|Any CPU.ActiveCfg = Release|Any CPU
		{746B5D72-E634-4CF2-815E-DFFB863735EB}.Release|Any CPU.Build.0 = Release|Any CPU
	EndGlobalSection
	GlobalSection(SolutionProperties) = preSolution
		HideSolutionNode = FALSE
	EndGlobalSection
EndGlobal
